
Microsoft Visual Studio Solution File, Format Version 12.00
Project("{FAE04EC0-301F-11D3-BF4B-00C04F79EFBC}") = "WorkerService1", "WorkerService1.csproj", "{75A382AC-B1DC-4F73-87A6-5E663F07543D}"
EndProject
Global
	GlobalSection(SolutionConfigurationPlatforms) = preSolution
		Debug|Any CPU = Debug|Any CPU
		Release|Any CPU = Release|Any CPU
	EndGlobalSection
	GlobalSection(ProjectConfigurationPlatforms) = postSolution
		{75A382AC-B1DC-4F73-87A6-5E663F07543D}.Debug|Any CPU.ActiveCfg = Debug|Any CPU
		{75A382AC-B1DC-4F73-87A6-5E663F07543D}.Debug|Any CPU.Build.0 = Debug|Any CPU
		{75A382AC-B1DC-4F73-87A6-5E663F07543D}.Release|Any CPU.ActiveCfg = Release|Any CPU
		{75A382AC-B1DC-4F73-87A6-5E663F07543D}.Release|Any CPU.Build.0 = Release|Any CPU
	EndGlobalSection
EndGlobal
